
Microsoft Visual Studio Solution File, Format Version 12.00
# Visual Studio Version 16
VisualStudioVersion = 16.0.30503.244
MinimumVisualStudioVersion = 10.0.40219.1
Project("{8BC9CEB8-8B4A-11D0-8D11-00A0C91BC942}") = "Puppy", "Puppy\Puppy.vcxproj", "{CFE967B6-3427-4E08-A472-3B7F43E44B83}"
EndProject
Global
	GlobalSection(SolutionConfigurationPlatforms) = preSolution
		Debug|x64 = Debug|x64
		Debug|x86 = Debug|x86
		Release|x64 = Release|x64
		Release|x86 = Release|x86
	EndGlobalSection
	GlobalSection(ProjectConfigurationPlatforms) = postSolution
		{CFE967B6-3427-4E08-A472-3B7F43E44B83}.Debug|x64.ActiveCfg = Debug|x64
		{CFE967B6-3427-4E08-A472-3B7F43E44B83}.Debug|x64.Build.0 = Debug|x64
		{CFE967B6-3427-4E08-A472-3B7F43E44B83}.Debug|x86.ActiveCfg = Debug|Win32
		{CFE967B6-3427-4E08-A472-3B7F43E44B83}.Debug|x86.Build.0 = Debug|Win32
		{CFE967B6-3427-4E08-A472-3B7F43E44B83}.Release|x64.ActiveCfg = Release|x64
		{CFE967B6-3427-4E08-A472-3B7F43E44B83}.Release|x64.Build.0 = Release|x64
		{CFE967B6-3427-4E08-A472-3B7F43E44B83}.Release|x86.ActiveCfg = Release|Win32
		{CFE967B6-3427-4E08-A472-3B7F43E44B83}.Release|x86.Build.0 = Release|Win32
	EndGlobalSection
	GlobalSection(SolutionProperties) = preSolution
		HideSolutionNode = FALSE
	EndGlobalSection
	GlobalSection(ExtensibilityGlobals) = postSolution
		SolutionGuid = {45E710CE-54D6-4FD3-A3BD-F66267B02542}
	EndGlobalSection
EndGlobal
